
Microsoft Visual Studio Solution File, Format Version 12.00
# Visual Studio 15
VisualStudioVersion = 15.0.27703.2026
MinimumVisualStudioVersion = 10.0.40219.1
Project("{2150E333-8FDC-42A3-9474-1A3956D46DE8}") = "Source", "Source", "{EDAE780E-8B70-4609-99FE-EF30E65ACEBA}"
EndProject
Project("{2150E333-8FDC-42A3-9474-1A3956D46DE8}") = "Web", "Web", "{956FF39A-4C88-4F11-856A-CBCD63C165B5}"
EndProject
Project("{FAE04EC0-301F-11D3-BF4B-00C04F79EFBC}") = "MugStore.Web", "Web\MugStore.Web\MugStore.Web.csproj", "{6AE69C5A-4503-4F72-AF16-0C5DD13BA8EF}"
EndProject
Project("{2150E333-8FDC-42A3-9474-1A3956D46DE8}") = "Data", "Data", "{CC21FF00-687B-4C54-9E2C-CD606F79C483}"
EndProject
Project("{2150E333-8FDC-42A3-9474-1A3956D46DE8}") = "Services", "Services", "{3614A069-C409-48E4-B81F-EDB86F8C5183}"
EndProject
Project("{FAE04EC0-301F-11D3-BF4B-00C04F79EFBC}") = "MugStore.Web.Infrastructure", "Web\MugStore.Web.Infrastructure\MugStore.Web.Infrastructure.csproj", "{4CA410E3-5CF5-45DE-847B-4E4A553D31BC}"
EndProject
Project("{FAE04EC0-301F-11D3-BF4B-00C04F79EFBC}") = "MugStore.Common", "MugStore.Common\MugStore.Common.csproj", "{2A9A8B61-C230-4318-9303-E82CCC5DE12A}"
EndProject
Project("{FAE04EC0-301F-11D3-BF4B-00C04F79EFBC}") = "MugStore.Data.Models", "Data\MugStore.Data.Models\MugStore.Data.Models.csproj", "{57B2BC98-F058-4FB0-A74F-64E111EFCCC4}"
EndProject
Project("{FAE04EC0-301F-11D3-BF4B-00C04F79EFBC}") = "MugStore.Services.Data", "Services\MugStore.Services.Data\MugStore.Services.Data.csproj", "{7FAED701-46B8-4EEE-B059-15C298F3882C}"
EndProject
Project("{FAE04EC0-301F-11D3-BF4B-00C04F79EFBC}") = "MugStore.Services.Common", "Services\MugStore.Services.Common\MugStore.Services.Common.csproj", "{87CDE2F2-C1C0-450D-A741-F459C2C69A23}"
EndProject
Project("{9A19103F-16F7-4668-BE54-9A1E7A4F7556}") = "MugStore.Data", "Data\MugStore.Data\MugStore.Data.csproj", "{5AC82671-0E42-471F-9EAA-09ADED4D5C52}"
EndProject
Global
	GlobalSection(SolutionConfigurationPlatforms) = preSolution
		Debug|Any CPU = Debug|Any CPU
		Release|Any CPU = Release|Any CPU
	EndGlobalSection
	GlobalSection(ProjectConfigurationPlatforms) = postSolution
		{6AE69C5A-4503-4F72-AF16-0C5DD13BA8EF}.Debug|Any CPU.ActiveCfg = Debug|Any CPU
		{6AE69C5A-4503-4F72-AF16-0C5DD13BA8EF}.Debug|Any CPU.Build.0 = Debug|Any CPU
		{6AE69C5A-4503-4F72-AF16-0C5DD13BA8EF}.Release|Any CPU.ActiveCfg = Release|Any CPU
		{6AE69C5A-4503-4F72-AF16-0C5DD13BA8EF}.Release|Any CPU.Build.0 = Release|Any CPU
		{4CA410E3-5CF5-45DE-847B-4E4A553D31BC}.Debug|Any CPU.ActiveCfg = Debug|Any CPU
		{4CA410E3-5CF5-45DE-847B-4E4A553D31BC}.Debug|Any CPU.Build.0 = Debug|Any CPU
		{4CA410E3-5CF5-45DE-847B-4E4A553D31BC}.Release|Any CPU.ActiveCfg = Release|Any CPU
		{4CA410E3-5CF5-45DE-847B-4E4A553D31BC}.Release|Any CPU.Build.0 = Release|Any CPU
		{2A9A8B61-C230-4318-9303-E82CCC5DE12A}.Debug|Any CPU.ActiveCfg = Debug|Any CPU
		{2A9A8B61-C230-4318-9303-E82CCC5DE12A}.Debug|Any CPU.Build.0 = Debug|Any CPU
		{2A9A8B61-C230-4318-9303-E82CCC5DE12A}.Release|Any CPU.ActiveCfg = Release|Any CPU
		{2A9A8B61-C230-4318-9303-E82CCC5DE12A}.Release|Any CPU.Build.0 = Release|Any CPU
		{57B2BC98-F058-4FB0-A74F-64E111EFCCC4}.Debug|Any CPU.ActiveCfg = Debug|Any CPU
		{57B2BC98-F058-4FB0-A74F-64E111EFCCC4}.Debug|Any CPU.Build.0 = Debug|Any CPU
		{57B2BC98-F058-4FB0-A74F-64E111EFCCC4}.Release|Any CPU.ActiveCfg = Release|Any CPU
		{57B2BC98-F058-4FB0-A74F-64E111EFCCC4}.Release|Any CPU.Build.0 = Release|Any CPU
		{7FAED701-46B8-4EEE-B059-15C298F3882C}.Debug|Any CPU.ActiveCfg = Debug|Any CPU
		{7FAED701-46B8-4EEE-B059-15C298F3882C}.Debug|Any CPU.Build.0 = Debug|Any CPU
		{7FAED701-46B8-4EEE-B059-15C298F3882C}.Release|Any CPU.ActiveCfg = Release|Any CPU
		{7FAED701-46B8-4EEE-B059-15C298F3882C}.Release|Any CPU.Build.0 = Release|Any CPU
		{87CDE2F2-C1C0-450D-A741-F459C2C69A23}.Debug|Any CPU.ActiveCfg = Debug|Any CPU
		{87CDE2F2-C1C0-450D-A741-F459C2C69A23}.Debug|Any CPU.Build.0 = Debug|Any CPU
		{87CDE2F2-C1C0-450D-A741-F459C2C69A23}.Release|Any CPU.ActiveCfg = Release|Any CPU
		{87CDE2F2-C1C0-450D-A741-F459C2C69A23}.Release|Any CPU.Build.0 = Release|Any CPU
		{5AC82671-0E42-471F-9EAA-09ADED4D5C52}.Debug|Any CPU.ActiveCfg = Debug|Any CPU
		{5AC82671-0E42-471F-9EAA-09ADED4D5C52}.Debug|Any CPU.Build.0 = Debug|Any CPU
		{5AC82671-0E42-471F-9EAA-09ADED4D5C52}.Release|Any CPU.ActiveCfg = Release|Any CPU
		{5AC82671-0E42-471F-9EAA-09ADED4D5C52}.Release|Any CPU.Build.0 = Release|Any CPU
	EndGlobalSection
	GlobalSection(SolutionProperties) = preSolution
		HideSolutionNode = FALSE
	EndGlobalSection
	GlobalSection(NestedProjects) = preSolution
		{956FF39A-4C88-4F11-856A-CBCD63C165B5} = {EDAE780E-8B70-4609-99FE-EF30E65ACEBA}
		{6AE69C5A-4503-4F72-AF16-0C5DD13BA8EF} = {956FF39A-4C88-4F11-856A-CBCD63C165B5}
		{CC21FF00-687B-4C54-9E2C-CD606F79C483} = {EDAE780E-8B70-4609-99FE-EF30E65ACEBA}
		{3614A069-C409-48E4-B81F-EDB86F8C5183} = {EDAE780E-8B70-4609-99FE-EF30E65ACEBA}
		{4CA410E3-5CF5-45DE-847B-4E4A553D31BC} = {956FF39A-4C88-4F11-856A-CBCD63C165B5}
		{2A9A8B61-C230-4318-9303-E82CCC5DE12A} = {EDAE780E-8B70-4609-99FE-EF30E65ACEBA}
		{57B2BC98-F058-4FB0-A74F-64E111EFCCC4} = {CC21FF00-687B-4C54-9E2C-CD606F79C483}
		{7FAED701-46B8-4EEE-B059-15C298F3882C} = {3614A069-C409-48E4-B81F-EDB86F8C5183}
		{87CDE2F2-C1C0-450D-A741-F459C2C69A23} = {3614A069-C409-48E4-B81F-EDB86F8C5183}
		{5AC82671-0E42-471F-9EAA-09ADED4D5C52} = {CC21FF00-687B-4C54-9E2C-CD606F79C483}
	EndGlobalSection
	GlobalSection(ExtensibilityGlobals) = postSolution
		SolutionGuid = {4FD3A8F1-64E5-44CE-A970-5958F6DC8F49}
	EndGlobalSection
EndGlobal
