
Microsoft Visual Studio Solution File, Format Version 12.00
# Visual Studio Version 16
VisualStudioVersion = 16.0.31424.327
MinimumVisualStudioVersion = 10.0.40219.1
Project("{2150E333-8FDC-42A3-9474-1A3956D46DE8}") = "Web", "Web", "{D1CA275C-B19C-48B5-90E2-315FFDC91BE1}"
EndProject
Project("{2150E333-8FDC-42A3-9474-1A3956D46DE8}") = "Data", "Data", "{D6EA05F2-330F-4D21-B51E-67CF92451F2E}"
EndProject
Project("{2150E333-8FDC-42A3-9474-1A3956D46DE8}") = "Services", "Services", "{BEE85AD6-DDE7-4E79-9BB9-DD59E1DA1E64}"
EndProject
Project("{FAE04EC0-301F-11D3-BF4B-00C04F79EFBC}") = "MugStore.Web", "Web\MugStore.Web\MugStore.Web.csproj", "{D32DA12A-E1D4-476E-84B2-7E6BB93BED87}"
EndProject
Project("{FAE04EC0-301F-11D3-BF4B-00C04F79EFBC}") = "MugStore.Web.Infrastructure", "Web\MugStore.Web.Infrastructure\MugStore.Web.Infrastructure.csproj", "{96EA8A68-EDFC-4874-99D3-A92877FADD1A}"
EndProject
Project("{FAE04EC0-301F-11D3-BF4B-00C04F79EFBC}") = "MugStore.Common", "MugStore.Common\MugStore.Common.csproj", "{BDF3DA26-7ADC-4FDE-BC76-34EC569B0858}"
EndProject
Project("{FAE04EC0-301F-11D3-BF4B-00C04F79EFBC}") = "MugStore.Data", "Data\MugStore.Data\MugStore.Data.csproj", "{1B335756-6678-47A8-A50F-FAB42019F458}"
EndProject
Project("{FAE04EC0-301F-11D3-BF4B-00C04F79EFBC}") = "MugStore.Data.Models", "Data\MugStore.Data.Models\MugStore.Data.Models.csproj", "{E6E8BEC8-6F39-4BC3-B53C-754212B86132}"
EndProject
Project("{FAE04EC0-301F-11D3-BF4B-00C04F79EFBC}") = "MugStore.Services.Common", "Services\MugStore.Services.Common\MugStore.Services.Common.csproj", "{04C84E36-29C0-4BFA-AF93-22FEF2553789}"
EndProject
Project("{FAE04EC0-301F-11D3-BF4B-00C04F79EFBC}") = "MugStore.Services.Data", "Services\MugStore.Services.Data\MugStore.Services.Data.csproj", "{77EFA08F-4004-4C87-B1C4-A10E902297E1}"
EndProject
Global
	GlobalSection(SolutionConfigurationPlatforms) = preSolution
		Debug|Any CPU = Debug|Any CPU
		Release|Any CPU = Release|Any CPU
	EndGlobalSection
	GlobalSection(ProjectConfigurationPlatforms) = postSolution
		{D32DA12A-E1D4-476E-84B2-7E6BB93BED87}.Debug|Any CPU.ActiveCfg = Debug|Any CPU
		{D32DA12A-E1D4-476E-84B2-7E6BB93BED87}.Debug|Any CPU.Build.0 = Debug|Any CPU
		{D32DA12A-E1D4-476E-84B2-7E6BB93BED87}.Release|Any CPU.ActiveCfg = Release|Any CPU
		{D32DA12A-E1D4-476E-84B2-7E6BB93BED87}.Release|Any CPU.Build.0 = Release|Any CPU
		{96EA8A68-EDFC-4874-99D3-A92877FADD1A}.Debug|Any CPU.ActiveCfg = Debug|Any CPU
		{96EA8A68-EDFC-4874-99D3-A92877FADD1A}.Debug|Any CPU.Build.0 = Debug|Any CPU
		{96EA8A68-EDFC-4874-99D3-A92877FADD1A}.Release|Any CPU.ActiveCfg = Release|Any CPU
		{96EA8A68-EDFC-4874-99D3-A92877FADD1A}.Release|Any CPU.Build.0 = Release|Any CPU
		{BDF3DA26-7ADC-4FDE-BC76-34EC569B0858}.Debug|Any CPU.ActiveCfg = Debug|Any CPU
		{BDF3DA26-7ADC-4FDE-BC76-34EC569B0858}.Debug|Any CPU.Build.0 = Debug|Any CPU
		{BDF3DA26-7ADC-4FDE-BC76-34EC569B0858}.Release|Any CPU.ActiveCfg = Release|Any CPU
		{BDF3DA26-7ADC-4FDE-BC76-34EC569B0858}.Release|Any CPU.Build.0 = Release|Any CPU
		{1B335756-6678-47A8-A50F-FAB42019F458}.Debug|Any CPU.ActiveCfg = Debug|Any CPU
		{1B335756-6678-47A8-A50F-FAB42019F458}.Debug|Any CPU.Build.0 = Debug|Any CPU
		{1B335756-6678-47A8-A50F-FAB42019F458}.Release|Any CPU.ActiveCfg = Release|Any CPU
		{1B335756-6678-47A8-A50F-FAB42019F458}.Release|Any CPU.Build.0 = Release|Any CPU
		{E6E8BEC8-6F39-4BC3-B53C-754212B86132}.Debug|Any CPU.ActiveCfg = Debug|Any CPU
		{E6E8BEC8-6F39-4BC3-B53C-754212B86132}.Debug|Any CPU.Build.0 = Debug|Any CPU
		{E6E8BEC8-6F39-4BC3-B53C-754212B86132}.Release|Any CPU.ActiveCfg = Release|Any CPU
		{E6E8BEC8-6F39-4BC3-B53C-754212B86132}.Release|Any CPU.Build.0 = Release|Any CPU
		{04C84E36-29C0-4BFA-AF93-22FEF2553789}.Debug|Any CPU.ActiveCfg = Debug|Any CPU
		{04C84E36-29C0-4BFA-AF93-22FEF2553789}.Debug|Any CPU.Build.0 = Debug|Any CPU
		{04C84E36-29C0-4BFA-AF93-22FEF2553789}.Release|Any CPU.ActiveCfg = Release|Any CPU
		{04C84E36-29C0-4BFA-AF93-22FEF2553789}.Release|Any CPU.Build.0 = Release|Any CPU
		{77EFA08F-4004-4C87-B1C4-A10E902297E1}.Debug|Any CPU.ActiveCfg = Debug|Any CPU
		{77EFA08F-4004-4C87-B1C4-A10E902297E1}.Debug|Any CPU.Build.0 = Debug|Any CPU
		{77EFA08F-4004-4C87-B1C4-A10E902297E1}.Release|Any CPU.ActiveCfg = Release|Any CPU
		{77EFA08F-4004-4C87-B1C4-A10E902297E1}.Release|Any CPU.Build.0 = Release|Any CPU
	EndGlobalSection
	GlobalSection(SolutionProperties) = preSolution
		HideSolutionNode = FALSE
	EndGlobalSection
	GlobalSection(NestedProjects) = preSolution
		{D32DA12A-E1D4-476E-84B2-7E6BB93BED87} = {D1CA275C-B19C-48B5-90E2-315FFDC91BE1}
		{96EA8A68-EDFC-4874-99D3-A92877FADD1A} = {D1CA275C-B19C-48B5-90E2-315FFDC91BE1}
		{1B335756-6678-47A8-A50F-FAB42019F458} = {D6EA05F2-330F-4D21-B51E-67CF92451F2E}
		{E6E8BEC8-6F39-4BC3-B53C-754212B86132} = {D6EA05F2-330F-4D21-B51E-67CF92451F2E}
		{04C84E36-29C0-4BFA-AF93-22FEF2553789} = {BEE85AD6-DDE7-4E79-9BB9-DD59E1DA1E64}
		{77EFA08F-4004-4C87-B1C4-A10E902297E1} = {BEE85AD6-DDE7-4E79-9BB9-DD59E1DA1E64}
	EndGlobalSection
	GlobalSection(ExtensibilityGlobals) = postSolution
		SolutionGuid = {82B12D44-BED0-424A-B764-AFE5A991D109}
	EndGlobalSection
EndGlobal
